{
  "version": 4,
  "terraform_version": "1.1.5",
  "serial": 11,
  "lineage": "a0842392-ac74-8031-83c7-f73ba3555077",
  "outputs": {},
  "resources": [
    {
      "mode": "managed",
      "type": "aws_codebuild_project",
      "name": "codebuild-java-app-via-terraform",
      "provider": "provider[\"registry.terraform.io/hashicorp/aws\"]",
      "instances": [
        {
          "schema_version": 0,
          "attributes": {
            "arn": "arn:aws:codebuild:us-east-1:053883564770:project/codebuild-java-terraform",
            "artifacts": [
              {
                "artifact_identifier": "",
                "bucket_owner_access": "",
                "encryption_disabled": false,
                "location": "",
                "name": "",
                "namespace_type": "",
                "override_artifact_name": false,
                "packaging": "",
                "path": "",
                "type": "NO_ARTIFACTS"
              }
            ],
            "badge_enabled": false,
            "badge_url": "",
            "build_batch_config": [],
            "build_timeout": 5,
            "cache": [
              {
                "location": "rajesh-codebuild-cache",
                "modes": [],
                "type": "S3"
              }
            ],
            "concurrent_build_limit": 0,
            "description": "java_codebuild_project created via terraform",
            "encryption_key": "arn:aws:kms:us-east-1:053883564770:alias/aws/s3",
            "environment": [
              {
                "certificate": "",
                "compute_type": "BUILD_GENERAL1_SMALL",
                "environment_variable": [
                  {
                    "name": "SOME_KEY1",
                    "type": "PLAINTEXT",
                    "value": "SOME_VALUE1"
                  },
                  {
                    "name": "SOME_KEY2",
                    "type": "PARAMETER_STORE",
                    "value": "SOME_VALUE2"
                  }
                ],
                "image": "aws/codebuild/standard:1.0",
                "image_pull_credentials_type": "CODEBUILD",
                "privileged_mode": false,
                "registry_credential": [],
                "type": "LINUX_CONTAINER"
              }
            ],
            "file_system_locations": [],
            "id": "arn:aws:codebuild:us-east-1:053883564770:project/codebuild-java-terraform",
            "logs_config": [
              {
                "cloudwatch_logs": [
                  {
                    "group_name": "log-group",
                    "status": "ENABLED",
                    "stream_name": "log-stream"
                  }
                ],
                "s3_logs": [
                  {
                    "bucket_owner_access": "",
                    "encryption_disabled": false,
                    "location": "rajesh-codebuild-cache/build-log",
                    "status": "ENABLED"
                  }
                ]
              }
            ],
            "name": "codebuild-java-terraform",
            "project_visibility": "PRIVATE",
            "public_project_alias": "",
            "queued_timeout": 480,
            "resource_access_role": "",
            "secondary_artifacts": [],
            "secondary_source_version": [],
            "secondary_sources": [],
            "service_role": "arn:aws:iam::053883564770:role/service-role/codebuild-codebuild-java-application-service-role",
            "source": [
              {
                "auth": [],
                "build_status_config": [],
                "buildspec": "",
                "git_clone_depth": 1,
                "git_submodules_config": [
                  {
                    "fetch_submodules": true
                  }
                ],
                "insecure_ssl": false,
                "location": "https://github.com/rajeshjohn/codebuild-terraform.git",
                "report_build_status": false,
                "type": "GITHUB"
              }
            ],
            "source_version": "master",
            "tags": {},
            "tags_all": {},
            "vpc_config": []
          },
          "sensitive_attributes": [],
          "private": "bnVsbA==",
          "dependencies": [
            "aws_s3_bucket.codebuild-cache"
          ]
        }
      ]
    },
    {
      "mode": "managed",
      "type": "aws_iam_policy",
      "name": "cloudlogstreampolicy",
      "provider": "provider[\"registry.terraform.io/hashicorp/aws\"]",
      "instances": [
        {
          "schema_version": 0,
          "attributes": {
            "arn": "arn:aws:iam::053883564770:policy/my-policy",
            "description": "",
            "id": "arn:aws:iam::053883564770:policy/my-policy",
            "name": "my-policy",
            "name_prefix": null,
            "path": "/",
            "policy": "{\"Statement\":[{\"Action\":[\"logs:*\"],\"Effect\":\"Allow\",\"Resource\":\"*\"}],\"Version\":\"2012-10-17\"}",
            "policy_id": "ANPAQZC5V6LRGUC4UDDE5",
            "tags": {},
            "tags_all": {}
          },
          "sensitive_attributes": [],
          "private": "bnVsbA=="
        }
      ]
    },
    {
      "mode": "managed",
      "type": "aws_s3_bucket",
      "name": "codebuild-cache",
      "provider": "provider[\"registry.terraform.io/hashicorp/aws\"]",
      "instances": [
        {
          "schema_version": 0,
          "attributes": {
            "acceleration_status": "",
            "acl": "private",
            "arn": "arn:aws:s3:::rajesh-codebuild-cache",
            "bucket": "rajesh-codebuild-cache",
            "bucket_domain_name": "rajesh-codebuild-cache.s3.amazonaws.com",
            "bucket_prefix": null,
            "bucket_regional_domain_name": "rajesh-codebuild-cache.s3.amazonaws.com",
            "cors_rule": [],
            "force_destroy": false,
            "grant": [],
            "hosted_zone_id": "Z3AQBSTGFYJSTF",
            "id": "rajesh-codebuild-cache",
            "lifecycle_rule": [],
            "logging": [],
            "object_lock_configuration": [],
            "object_lock_enabled": false,
            "policy": "",
            "region": "us-east-1",
            "replication_configuration": [],
            "request_payer": "BucketOwner",
            "server_side_encryption_configuration": [],
            "tags": {},
            "tags_all": {},
            "versioning": [
              {
                "enabled": false,
                "mfa_delete": false
              }
            ],
            "website": [],
            "website_domain": null,
            "website_endpoint": null
          },
          "sensitive_attributes": [],
          "private": "bnVsbA=="
        }
      ]
    },
    {
      "mode": "managed",
      "type": "aws_s3_bucket_acl",
      "name": "example",
      "provider": "provider[\"registry.terraform.io/hashicorp/aws\"]",
      "instances": [
        {
          "schema_version": 0,
          "attributes": {
            "access_control_policy": [
              {
                "grant": [
                  {
                    "grantee": [
                      {
                        "display_name": "rajeshdavidjohn",
                        "email_address": "",
                        "id": "5fc8e2ee5228369d65bf759d747a16a0433f0c2622fc899dffae2540eac19b81",
                        "type": "CanonicalUser",
                        "uri": ""
                      }
                    ],
                    "permission": "FULL_CONTROL"
                  }
                ],
                "owner": [
                  {
                    "display_name": "rajeshdavidjohn",
                    "id": "5fc8e2ee5228369d65bf759d747a16a0433f0c2622fc899dffae2540eac19b81"
                  }
                ]
              }
            ],
            "acl": "private",
            "bucket": "rajesh-codebuild-cache",
            "expected_bucket_owner": "",
            "id": "rajesh-codebuild-cache,private"
          },
          "sensitive_attributes": [],
          "private": "bnVsbA==",
          "dependencies": [
            "aws_s3_bucket.codebuild-cache"
          ]
        }
      ]
    }
  ]
}
